
Microsoft Visual Studio Solution File, Format Version 12.00
# Visual Studio 14
VisualStudioVersion = 14.0.24720.0
MinimumVisualStudioVersion = 10.0.40219.1
Project("{FAE04EC0-301F-11D3-BF4B-00C04F79EFBC}") = "Unit1", "Unit1\Unit1.csproj", "{813FD2F2-0E00-4481-87DE-5FA5ACB4056E}"
EndProject
Project("{FAE04EC0-301F-11D3-BF4B-00C04F79EFBC}") = "Unit1Tests", "Unit1Tests\Unit1Tests.csproj", "{7807F5CC-C03A-48E8-832E-743B5D4212BB}"
EndProject
Global
	GlobalSection(SolutionConfigurationPlatforms) = preSolution
		Debug|Any CPU = Debug|Any CPU
		Release|Any CPU = Release|Any CPU
	EndGlobalSection
	GlobalSection(ProjectConfigurationPlatforms) = postSolution
		{813FD2F2-0E00-4481-87DE-5FA5ACB4056E}.Debug|Any CPU.ActiveCfg = Debug|Any CPU
		{813FD2F2-0E00-4481-87DE-5FA5ACB4056E}.Debug|Any CPU.Build.0 = Debug|Any CPU
		{813FD2F2-0E00-4481-87DE-5FA5ACB4056E}.Release|Any CPU.ActiveCfg = Release|Any CPU
		{813FD2F2-0E00-4481-87DE-5FA5ACB4056E}.Release|Any CPU.Build.0 = Release|Any CPU
		{7807F5CC-C03A-48E8-832E-743B5D4212BB}.Debug|Any CPU.ActiveCfg = Debug|Any CPU
		{7807F5CC-C03A-48E8-832E-743B5D4212BB}.Debug|Any CPU.Build.0 = Debug|Any CPU
		{7807F5CC-C03A-48E8-832E-743B5D4212BB}.Release|Any CPU.ActiveCfg = Release|Any CPU
		{7807F5CC-C03A-48E8-832E-743B5D4212BB}.Release|Any CPU.Build.0 = Release|Any CPU
	EndGlobalSection
	GlobalSection(SolutionProperties) = preSolution
		HideSolutionNode = FALSE
	EndGlobalSection
EndGlobal
