
Microsoft Visual Studio Solution File, Format Version 12.00
# Visual Studio 15
VisualStudioVersion = 15.0.27703.2035
MinimumVisualStudioVersion = 10.0.40219.1
Project("{FAE04EC0-301F-11D3-BF4B-00C04F79EFBC}") = "CodeProject", "CodeProject\CodeProject.csproj", "{4101DA3D-32C6-4D02-AB10-2A02B0DE4BEC}"
EndProject
Project("{FAE04EC0-301F-11D3-BF4B-00C04F79EFBC}") = "TestingProject", "TestingProject\TestingProject.csproj", "{D53968DF-E1C2-444A-9E3E-EE6CBA53F45A}"
EndProject
Project("{FAE04EC0-301F-11D3-BF4B-00C04F79EFBC}") = "Lab13Task7740", "Lab13Task7740\Lab13Task7740.csproj", "{CEDEC9FB-E4B2-455D-A477-569CAF03BD53}"
EndProject
Project("{FAE04EC0-301F-11D3-BF4B-00C04F79EFBC}") = "Lab13Task1439", "Lab13Task1439\Lab13Task1439.csproj", "{055607AE-6351-48B7-9CBE-3478EE3454F3}"
EndProject
Project("{FAE04EC0-301F-11D3-BF4B-00C04F79EFBC}") = "Lab13Task1934", "Lab13Task1934\Lab13Task1934.csproj", "{C6DEF96D-1F9F-4F70-B341-8912E3B7523D}"
EndProject
Project("{FAE04EC0-301F-11D3-BF4B-00C04F79EFBC}") = "Lab13Task3943", "Lab13Task3943\Lab13Task3943.csproj", "{9ACE4199-03F5-4219-A43C-3D7D4822D2FC}"
EndProject
Project("{FAE04EC0-301F-11D3-BF4B-00C04F79EFBC}") = "Task6882", "Task6882\Task6882.csproj", "{DDAF2ED3-BBBA-4EBE-97A2-93447C3898C3}"
EndProject
Project("{FAE04EC0-301F-11D3-BF4B-00C04F79EFBC}") = "Task1212", "Task1212\Task1212.csproj", "{0C77D0A9-21E0-4AE4-992A-1AC0C4402AB0}"
EndProject
Project("{FAE04EC0-301F-11D3-BF4B-00C04F79EFBC}") = "Task9472", "Task9472\Task9472.csproj", "{ABE9B275-6953-4ABB-8391-E9BF3CB54ED6}"
EndProject
Project("{FAE04EC0-301F-11D3-BF4B-00C04F79EFBC}") = "Task5081", "Task5081\Task5081.csproj", "{522F09B0-3090-4EC6-9960-105CD76FEABF}"
EndProject
Global
	GlobalSection(SolutionConfigurationPlatforms) = preSolution
		Debug|Any CPU = Debug|Any CPU
		Release|Any CPU = Release|Any CPU
	EndGlobalSection
	GlobalSection(ProjectConfigurationPlatforms) = postSolution
		{4101DA3D-32C6-4D02-AB10-2A02B0DE4BEC}.Debug|Any CPU.ActiveCfg = Debug|Any CPU
		{4101DA3D-32C6-4D02-AB10-2A02B0DE4BEC}.Debug|Any CPU.Build.0 = Debug|Any CPU
		{4101DA3D-32C6-4D02-AB10-2A02B0DE4BEC}.Release|Any CPU.ActiveCfg = Release|Any CPU
		{4101DA3D-32C6-4D02-AB10-2A02B0DE4BEC}.Release|Any CPU.Build.0 = Release|Any CPU
		{D53968DF-E1C2-444A-9E3E-EE6CBA53F45A}.Debug|Any CPU.ActiveCfg = Debug|Any CPU
		{D53968DF-E1C2-444A-9E3E-EE6CBA53F45A}.Debug|Any CPU.Build.0 = Debug|Any CPU
		{D53968DF-E1C2-444A-9E3E-EE6CBA53F45A}.Release|Any CPU.ActiveCfg = Release|Any CPU
		{D53968DF-E1C2-444A-9E3E-EE6CBA53F45A}.Release|Any CPU.Build.0 = Release|Any CPU
		{CEDEC9FB-E4B2-455D-A477-569CAF03BD53}.Debug|Any CPU.ActiveCfg = Debug|Any CPU
		{CEDEC9FB-E4B2-455D-A477-569CAF03BD53}.Debug|Any CPU.Build.0 = Debug|Any CPU
		{CEDEC9FB-E4B2-455D-A477-569CAF03BD53}.Release|Any CPU.ActiveCfg = Release|Any CPU
		{CEDEC9FB-E4B2-455D-A477-569CAF03BD53}.Release|Any CPU.Build.0 = Release|Any CPU
		{055607AE-6351-48B7-9CBE-3478EE3454F3}.Debug|Any CPU.ActiveCfg = Debug|Any CPU
		{055607AE-6351-48B7-9CBE-3478EE3454F3}.Debug|Any CPU.Build.0 = Debug|Any CPU
		{055607AE-6351-48B7-9CBE-3478EE3454F3}.Release|Any CPU.ActiveCfg = Release|Any CPU
		{055607AE-6351-48B7-9CBE-3478EE3454F3}.Release|Any CPU.Build.0 = Release|Any CPU
		{C6DEF96D-1F9F-4F70-B341-8912E3B7523D}.Debug|Any CPU.ActiveCfg = Debug|Any CPU
		{C6DEF96D-1F9F-4F70-B341-8912E3B7523D}.Debug|Any CPU.Build.0 = Debug|Any CPU
		{C6DEF96D-1F9F-4F70-B341-8912E3B7523D}.Release|Any CPU.ActiveCfg = Release|Any CPU
		{C6DEF96D-1F9F-4F70-B341-8912E3B7523D}.Release|Any CPU.Build.0 = Release|Any CPU
		{9ACE4199-03F5-4219-A43C-3D7D4822D2FC}.Debug|Any CPU.ActiveCfg = Debug|Any CPU
		{9ACE4199-03F5-4219-A43C-3D7D4822D2FC}.Debug|Any CPU.Build.0 = Debug|Any CPU
		{9ACE4199-03F5-4219-A43C-3D7D4822D2FC}.Release|Any CPU.ActiveCfg = Release|Any CPU
		{9ACE4199-03F5-4219-A43C-3D7D4822D2FC}.Release|Any CPU.Build.0 = Release|Any CPU
		{DDAF2ED3-BBBA-4EBE-97A2-93447C3898C3}.Debug|Any CPU.ActiveCfg = Debug|Any CPU
		{DDAF2ED3-BBBA-4EBE-97A2-93447C3898C3}.Debug|Any CPU.Build.0 = Debug|Any CPU
		{DDAF2ED3-BBBA-4EBE-97A2-93447C3898C3}.Release|Any CPU.ActiveCfg = Release|Any CPU
		{DDAF2ED3-BBBA-4EBE-97A2-93447C3898C3}.Release|Any CPU.Build.0 = Release|Any CPU
		{0C77D0A9-21E0-4AE4-992A-1AC0C4402AB0}.Debug|Any CPU.ActiveCfg = Debug|Any CPU
		{0C77D0A9-21E0-4AE4-992A-1AC0C4402AB0}.Debug|Any CPU.Build.0 = Debug|Any CPU
		{0C77D0A9-21E0-4AE4-992A-1AC0C4402AB0}.Release|Any CPU.ActiveCfg = Release|Any CPU
		{0C77D0A9-21E0-4AE4-992A-1AC0C4402AB0}.Release|Any CPU.Build.0 = Release|Any CPU
		{ABE9B275-6953-4ABB-8391-E9BF3CB54ED6}.Debug|Any CPU.ActiveCfg = Debug|Any CPU
		{ABE9B275-6953-4ABB-8391-E9BF3CB54ED6}.Debug|Any CPU.Build.0 = Debug|Any CPU
		{ABE9B275-6953-4ABB-8391-E9BF3CB54ED6}.Release|Any CPU.ActiveCfg = Release|Any CPU
		{ABE9B275-6953-4ABB-8391-E9BF3CB54ED6}.Release|Any CPU.Build.0 = Release|Any CPU
		{522F09B0-3090-4EC6-9960-105CD76FEABF}.Debug|Any CPU.ActiveCfg = Debug|Any CPU
		{522F09B0-3090-4EC6-9960-105CD76FEABF}.Debug|Any CPU.Build.0 = Debug|Any CPU
		{522F09B0-3090-4EC6-9960-105CD76FEABF}.Release|Any CPU.ActiveCfg = Release|Any CPU
		{522F09B0-3090-4EC6-9960-105CD76FEABF}.Release|Any CPU.Build.0 = Release|Any CPU
	EndGlobalSection
	GlobalSection(SolutionProperties) = preSolution
		HideSolutionNode = FALSE
	EndGlobalSection
	GlobalSection(ExtensibilityGlobals) = postSolution
		SolutionGuid = {FDD1BAA0-459D-4645-A5F0-87F752AEC699}
	EndGlobalSection
EndGlobal
