
Microsoft Visual Studio Solution File, Format Version 12.00
# Visual Studio 14
VisualStudioVersion = 14.0.24720.0
MinimumVisualStudioVersion = 10.0.40219.1
Project("{FAE04EC0-301F-11D3-BF4B-00C04F79EFBC}") = "lab01", "lab01\lab01.csproj", "{813D15D5-7109-4855-BFDC-E7ADE3365D9F}"
EndProject
Project("{FAE04EC0-301F-11D3-BF4B-00C04F79EFBC}") = "lab02", "lab02\lab02.csproj", "{F71B4BA2-A45B-4330-8543-5F6BBF5AA30D}"
EndProject
Project("{FAE04EC0-301F-11D3-BF4B-00C04F79EFBC}") = "lab05", "lab03\lab05.csproj", "{EBDA352D-5FD4-45BF-88C9-C10E56EBC31A}"
EndProject
Project("{FAE04EC0-301F-11D3-BF4B-00C04F79EFBC}") = "lab06", "lab06\lab06.csproj", "{0093E7C9-5D51-4AA2-9540-6B67B434A3D2}"
EndProject
Project("{FAE04EC0-301F-11D3-BF4B-00C04F79EFBC}") = "lab07", "lab07\lab07.csproj", "{CD564D7C-0978-4FE7-AD8F-509050C29929}"
EndProject
Global
	GlobalSection(SolutionConfigurationPlatforms) = preSolution
		Debug|Any CPU = Debug|Any CPU
		Release|Any CPU = Release|Any CPU
	EndGlobalSection
	GlobalSection(ProjectConfigurationPlatforms) = postSolution
		{813D15D5-7109-4855-BFDC-E7ADE3365D9F}.Debug|Any CPU.ActiveCfg = Debug|Any CPU
		{813D15D5-7109-4855-BFDC-E7ADE3365D9F}.Debug|Any CPU.Build.0 = Debug|Any CPU
		{813D15D5-7109-4855-BFDC-E7ADE3365D9F}.Release|Any CPU.ActiveCfg = Release|Any CPU
		{813D15D5-7109-4855-BFDC-E7ADE3365D9F}.Release|Any CPU.Build.0 = Release|Any CPU
		{F71B4BA2-A45B-4330-8543-5F6BBF5AA30D}.Debug|Any CPU.ActiveCfg = Debug|Any CPU
		{F71B4BA2-A45B-4330-8543-5F6BBF5AA30D}.Debug|Any CPU.Build.0 = Debug|Any CPU
		{F71B4BA2-A45B-4330-8543-5F6BBF5AA30D}.Release|Any CPU.ActiveCfg = Release|Any CPU
		{F71B4BA2-A45B-4330-8543-5F6BBF5AA30D}.Release|Any CPU.Build.0 = Release|Any CPU
		{EBDA352D-5FD4-45BF-88C9-C10E56EBC31A}.Debug|Any CPU.ActiveCfg = Debug|Any CPU
		{EBDA352D-5FD4-45BF-88C9-C10E56EBC31A}.Debug|Any CPU.Build.0 = Debug|Any CPU
		{EBDA352D-5FD4-45BF-88C9-C10E56EBC31A}.Release|Any CPU.ActiveCfg = Release|Any CPU
		{EBDA352D-5FD4-45BF-88C9-C10E56EBC31A}.Release|Any CPU.Build.0 = Release|Any CPU
		{0093E7C9-5D51-4AA2-9540-6B67B434A3D2}.Debug|Any CPU.ActiveCfg = Debug|Any CPU
		{0093E7C9-5D51-4AA2-9540-6B67B434A3D2}.Debug|Any CPU.Build.0 = Debug|Any CPU
		{0093E7C9-5D51-4AA2-9540-6B67B434A3D2}.Release|Any CPU.ActiveCfg = Release|Any CPU
		{0093E7C9-5D51-4AA2-9540-6B67B434A3D2}.Release|Any CPU.Build.0 = Release|Any CPU
		{CD564D7C-0978-4FE7-AD8F-509050C29929}.Debug|Any CPU.ActiveCfg = Debug|Any CPU
		{CD564D7C-0978-4FE7-AD8F-509050C29929}.Debug|Any CPU.Build.0 = Debug|Any CPU
		{CD564D7C-0978-4FE7-AD8F-509050C29929}.Release|Any CPU.ActiveCfg = Release|Any CPU
		{CD564D7C-0978-4FE7-AD8F-509050C29929}.Release|Any CPU.Build.0 = Release|Any CPU
	EndGlobalSection
	GlobalSection(SolutionProperties) = preSolution
		HideSolutionNode = FALSE
	EndGlobalSection
EndGlobal
