
Microsoft Visual Studio Solution File, Format Version 12.00
# Visual Studio 2013
VisualStudioVersion = 12.0.31101.0
MinimumVisualStudioVersion = 10.0.40219.1
Project("{FAE04EC0-301F-11D3-BF4B-00C04F79EFBC}") = "task2354", "task2354\task2354.csproj", "{C201B96D-2D13-4F23-A7A3-84252CEBC784}"
EndProject
Project("{FAE04EC0-301F-11D3-BF4B-00C04F79EFBC}") = "task5164", "task5164\task5164.csproj", "{299E3310-90BB-45D0-A2A2-844E8C3DC8CD}"
EndProject
Project("{FAE04EC0-301F-11D3-BF4B-00C04F79EFBC}") = "task2030", "task2030\task2030.csproj", "{8B3CBD00-C203-42CA-8954-5A65F8D4D4C6}"
EndProject
Project("{FAE04EC0-301F-11D3-BF4B-00C04F79EFBC}") = "task7649", "task7649\task7649.csproj", "{8546E030-5490-4DE3-ABD0-A879F830A327}"
EndProject
Project("{FAE04EC0-301F-11D3-BF4B-00C04F79EFBC}") = "task9701", "task9701\task9701.csproj", "{DE28862F-127B-48BE-A59C-D8C460EDC869}"
EndProject
Project("{FAE04EC0-301F-11D3-BF4B-00C04F79EFBC}") = "task3784", "Task3784\task3784.csproj", "{7AF7ECB8-09B1-4561-BB0F-965D20D7BDC8}"
EndProject
Project("{FAE04EC0-301F-11D3-BF4B-00C04F79EFBC}") = "task6732", "task6732\task6732.csproj", "{13BF60D5-501B-4F26-B582-796C4637F940}"
EndProject
Project("{FAE04EC0-301F-11D3-BF4B-00C04F79EFBC}") = "task8787", "task8787\task8787.csproj", "{A68EDAAC-BEF5-4107-9F12-B95BABF6672B}"
EndProject
Project("{FAE04EC0-301F-11D3-BF4B-00C04F79EFBC}") = "lab14", "lab14\lab14.csproj", "{C40DA188-AA71-4024-BFB0-5CCB67BCDCDE}"
EndProject
Project("{FAE04EC0-301F-11D3-BF4B-00C04F79EFBC}") = "Classes", "Classes\Classes.csproj", "{16449066-52F4-44D4-B85F-D21AEA41CAB6}"
EndProject
Project("{FAE04EC0-301F-11D3-BF4B-00C04F79EFBC}") = "Methods", "Methods\Methods.csproj", "{144A76C2-13C2-46BA-A63B-901EF8630B5A}"
EndProject
Global
	GlobalSection(SolutionConfigurationPlatforms) = preSolution
		Debug|Any CPU = Debug|Any CPU
		Release|Any CPU = Release|Any CPU
	EndGlobalSection
	GlobalSection(ProjectConfigurationPlatforms) = postSolution
		{C201B96D-2D13-4F23-A7A3-84252CEBC784}.Debug|Any CPU.ActiveCfg = Debug|Any CPU
		{C201B96D-2D13-4F23-A7A3-84252CEBC784}.Debug|Any CPU.Build.0 = Debug|Any CPU
		{C201B96D-2D13-4F23-A7A3-84252CEBC784}.Release|Any CPU.ActiveCfg = Release|Any CPU
		{C201B96D-2D13-4F23-A7A3-84252CEBC784}.Release|Any CPU.Build.0 = Release|Any CPU
		{299E3310-90BB-45D0-A2A2-844E8C3DC8CD}.Debug|Any CPU.ActiveCfg = Debug|Any CPU
		{299E3310-90BB-45D0-A2A2-844E8C3DC8CD}.Debug|Any CPU.Build.0 = Debug|Any CPU
		{299E3310-90BB-45D0-A2A2-844E8C3DC8CD}.Release|Any CPU.ActiveCfg = Release|Any CPU
		{299E3310-90BB-45D0-A2A2-844E8C3DC8CD}.Release|Any CPU.Build.0 = Release|Any CPU
		{8B3CBD00-C203-42CA-8954-5A65F8D4D4C6}.Debug|Any CPU.ActiveCfg = Debug|Any CPU
		{8B3CBD00-C203-42CA-8954-5A65F8D4D4C6}.Debug|Any CPU.Build.0 = Debug|Any CPU
		{8B3CBD00-C203-42CA-8954-5A65F8D4D4C6}.Release|Any CPU.ActiveCfg = Release|Any CPU
		{8B3CBD00-C203-42CA-8954-5A65F8D4D4C6}.Release|Any CPU.Build.0 = Release|Any CPU
		{8546E030-5490-4DE3-ABD0-A879F830A327}.Debug|Any CPU.ActiveCfg = Debug|Any CPU
		{8546E030-5490-4DE3-ABD0-A879F830A327}.Debug|Any CPU.Build.0 = Debug|Any CPU
		{8546E030-5490-4DE3-ABD0-A879F830A327}.Release|Any CPU.ActiveCfg = Release|Any CPU
		{8546E030-5490-4DE3-ABD0-A879F830A327}.Release|Any CPU.Build.0 = Release|Any CPU
		{DE28862F-127B-48BE-A59C-D8C460EDC869}.Debug|Any CPU.ActiveCfg = Debug|Any CPU
		{DE28862F-127B-48BE-A59C-D8C460EDC869}.Debug|Any CPU.Build.0 = Debug|Any CPU
		{DE28862F-127B-48BE-A59C-D8C460EDC869}.Release|Any CPU.ActiveCfg = Release|Any CPU
		{DE28862F-127B-48BE-A59C-D8C460EDC869}.Release|Any CPU.Build.0 = Release|Any CPU
		{7AF7ECB8-09B1-4561-BB0F-965D20D7BDC8}.Debug|Any CPU.ActiveCfg = Debug|Any CPU
		{7AF7ECB8-09B1-4561-BB0F-965D20D7BDC8}.Debug|Any CPU.Build.0 = Debug|Any CPU
		{7AF7ECB8-09B1-4561-BB0F-965D20D7BDC8}.Release|Any CPU.ActiveCfg = Release|Any CPU
		{7AF7ECB8-09B1-4561-BB0F-965D20D7BDC8}.Release|Any CPU.Build.0 = Release|Any CPU
		{13BF60D5-501B-4F26-B582-796C4637F940}.Debug|Any CPU.ActiveCfg = Debug|Any CPU
		{13BF60D5-501B-4F26-B582-796C4637F940}.Debug|Any CPU.Build.0 = Debug|Any CPU
		{13BF60D5-501B-4F26-B582-796C4637F940}.Release|Any CPU.ActiveCfg = Release|Any CPU
		{13BF60D5-501B-4F26-B582-796C4637F940}.Release|Any CPU.Build.0 = Release|Any CPU
		{A68EDAAC-BEF5-4107-9F12-B95BABF6672B}.Debug|Any CPU.ActiveCfg = Debug|Any CPU
		{A68EDAAC-BEF5-4107-9F12-B95BABF6672B}.Debug|Any CPU.Build.0 = Debug|Any CPU
		{A68EDAAC-BEF5-4107-9F12-B95BABF6672B}.Release|Any CPU.ActiveCfg = Release|Any CPU
		{A68EDAAC-BEF5-4107-9F12-B95BABF6672B}.Release|Any CPU.Build.0 = Release|Any CPU
		{C40DA188-AA71-4024-BFB0-5CCB67BCDCDE}.Debug|Any CPU.ActiveCfg = Debug|Any CPU
		{C40DA188-AA71-4024-BFB0-5CCB67BCDCDE}.Debug|Any CPU.Build.0 = Debug|Any CPU
		{C40DA188-AA71-4024-BFB0-5CCB67BCDCDE}.Release|Any CPU.ActiveCfg = Release|Any CPU
		{C40DA188-AA71-4024-BFB0-5CCB67BCDCDE}.Release|Any CPU.Build.0 = Release|Any CPU
		{16449066-52F4-44D4-B85F-D21AEA41CAB6}.Debug|Any CPU.ActiveCfg = Debug|Any CPU
		{16449066-52F4-44D4-B85F-D21AEA41CAB6}.Debug|Any CPU.Build.0 = Debug|Any CPU
		{16449066-52F4-44D4-B85F-D21AEA41CAB6}.Release|Any CPU.ActiveCfg = Release|Any CPU
		{16449066-52F4-44D4-B85F-D21AEA41CAB6}.Release|Any CPU.Build.0 = Release|Any CPU
		{144A76C2-13C2-46BA-A63B-901EF8630B5A}.Debug|Any CPU.ActiveCfg = Debug|Any CPU
		{144A76C2-13C2-46BA-A63B-901EF8630B5A}.Debug|Any CPU.Build.0 = Debug|Any CPU
		{144A76C2-13C2-46BA-A63B-901EF8630B5A}.Release|Any CPU.ActiveCfg = Release|Any CPU
		{144A76C2-13C2-46BA-A63B-901EF8630B5A}.Release|Any CPU.Build.0 = Release|Any CPU
	EndGlobalSection
	GlobalSection(SolutionProperties) = preSolution
		HideSolutionNode = FALSE
	EndGlobalSection
EndGlobal
