
Microsoft Visual Studio Solution File, Format Version 12.00
# Visual Studio 15
VisualStudioVersion = 15.0.27004.2002
MinimumVisualStudioVersion = 10.0.40219.1
Project("{FAE04EC0-301F-11D3-BF4B-00C04F79EFBC}") = "PropertyUpdateExample", "PropertyUpdateExample\PropertyUpdateExample.csproj", "{8F8BC86A-3517-4804-A497-82C01BC1BD1A}"
EndProject
Project("{FAE04EC0-301F-11D3-BF4B-00C04F79EFBC}") = "ButtonExample", "ButtonExample\ButtonExample.csproj", "{B1FE8E1F-16C8-4B3E-86DC-99F6A3AB0408}"
EndProject
Project("{FAE04EC0-301F-11D3-BF4B-00C04F79EFBC}") = "CollectionExample", "CollectionExample\CollectionExample.csproj", "{D6E8E2AA-9284-49BA-874C-6C843B407B85}"
EndProject
Global
	GlobalSection(SolutionConfigurationPlatforms) = preSolution
		Debug|Any CPU = Debug|Any CPU
		Release|Any CPU = Release|Any CPU
	EndGlobalSection
	GlobalSection(ProjectConfigurationPlatforms) = postSolution
		{8F8BC86A-3517-4804-A497-82C01BC1BD1A}.Debug|Any CPU.ActiveCfg = Debug|Any CPU
		{8F8BC86A-3517-4804-A497-82C01BC1BD1A}.Debug|Any CPU.Build.0 = Debug|Any CPU
		{8F8BC86A-3517-4804-A497-82C01BC1BD1A}.Release|Any CPU.ActiveCfg = Release|Any CPU
		{8F8BC86A-3517-4804-A497-82C01BC1BD1A}.Release|Any CPU.Build.0 = Release|Any CPU
		{B1FE8E1F-16C8-4B3E-86DC-99F6A3AB0408}.Debug|Any CPU.ActiveCfg = Debug|Any CPU
		{B1FE8E1F-16C8-4B3E-86DC-99F6A3AB0408}.Debug|Any CPU.Build.0 = Debug|Any CPU
		{B1FE8E1F-16C8-4B3E-86DC-99F6A3AB0408}.Release|Any CPU.ActiveCfg = Release|Any CPU
		{B1FE8E1F-16C8-4B3E-86DC-99F6A3AB0408}.Release|Any CPU.Build.0 = Release|Any CPU
		{D6E8E2AA-9284-49BA-874C-6C843B407B85}.Debug|Any CPU.ActiveCfg = Debug|Any CPU
		{D6E8E2AA-9284-49BA-874C-6C843B407B85}.Debug|Any CPU.Build.0 = Debug|Any CPU
		{D6E8E2AA-9284-49BA-874C-6C843B407B85}.Release|Any CPU.ActiveCfg = Release|Any CPU
		{D6E8E2AA-9284-49BA-874C-6C843B407B85}.Release|Any CPU.Build.0 = Release|Any CPU
	EndGlobalSection
	GlobalSection(SolutionProperties) = preSolution
		HideSolutionNode = FALSE
	EndGlobalSection
	GlobalSection(ExtensibilityGlobals) = postSolution
		SolutionGuid = {D0E8C238-CCDE-4A09-AB0C-A7D71DD09736}
	EndGlobalSection
EndGlobal
